
Microsoft Visual Studio Solution File, Format Version 12.00
# Visual Studio Version 17
VisualStudioVersion = 17.4.33103.184
MinimumVisualStudioVersion = 10.0.40219.1
Project("{FAE04EC0-301F-11D3-BF4B-00C04F79EFBC}") = "AdventOfCode", "ConsoleApp\AdventOfCode\AdventOfCode.csproj", "{D12B7CF7-E5DC-4176-864B-9AABC28F5CC6}"
EndProject
Project("{FAE04EC0-301F-11D3-BF4B-00C04F79EFBC}") = "AdventOfCode.Tests", "Tests\AdventOfCode.Tests\AdventOfCode.Tests.csproj", "{B951DC59-5FAF-4421-9B61-19282412CFCE}"
EndProject
Global
	GlobalSection(SolutionConfigurationPlatforms) = preSolution
		Debug|Any CPU = Debug|Any CPU
		Release|Any CPU = Release|Any CPU
	EndGlobalSection
	GlobalSection(ProjectConfigurationPlatforms) = postSolution
		{D12B7CF7-E5DC-4176-864B-9AABC28F5CC6}.Debug|Any CPU.ActiveCfg = Debug|Any CPU
		{D12B7CF7-E5DC-4176-864B-9AABC28F5CC6}.Debug|Any CPU.Build.0 = Debug|Any CPU
		{D12B7CF7-E5DC-4176-864B-9AABC28F5CC6}.Release|Any CPU.ActiveCfg = Release|Any CPU
		{D12B7CF7-E5DC-4176-864B-9AABC28F5CC6}.Release|Any CPU.Build.0 = Release|Any CPU
		{B951DC59-5FAF-4421-9B61-19282412CFCE}.Debug|Any CPU.ActiveCfg = Debug|Any CPU
		{B951DC59-5FAF-4421-9B61-19282412CFCE}.Debug|Any CPU.Build.0 = Debug|Any CPU
		{B951DC59-5FAF-4421-9B61-19282412CFCE}.Release|Any CPU.ActiveCfg = Release|Any CPU
		{B951DC59-5FAF-4421-9B61-19282412CFCE}.Release|Any CPU.Build.0 = Release|Any CPU
	EndGlobalSection
	GlobalSection(SolutionProperties) = preSolution
		HideSolutionNode = FALSE
	EndGlobalSection
	GlobalSection(ExtensibilityGlobals) = postSolution
		SolutionGuid = {52D20A50-5E7A-47D5-8362-BD72CD52B970}
	EndGlobalSection
EndGlobal
